<?xml version="1.0" encoding="utf-8"?>
<Project ToolsVersion="4.0" xmlns="http://schemas.microsoft.com/developer/msbuild/2003">
  <ItemGroup>
    <ClInclude Include="mainWindow.h" />
    <ClInclude Include="Workspace.h">
      <Filter>Source</Filter>
    </ClInclude>
    <ClInclude Include="ImageBox.h">
      <Filter>Source</Filter>
    </ClInclude>
  </ItemGroup>
  <ItemGroup>
    <EmbeddedResource Include="mainWindow.resx" />
  </ItemGroup>
  <ItemGroup>
    <Filter Include="Source">
      <UniqueIdentifier>{10bd3618-111f-4660-aab4-99054ba20b55}</UniqueIdentifier>
    </Filter>
    <Filter Include="UI">
      <UniqueIdentifier>{77bb7e56-ae0d-4414-8203-e414ef5c06dc}</UniqueIdentifier>
    </Filter>
  </ItemGroup>
  <ItemGroup>
    <CudaCompile Include="kernel.cu">
      <Filter>Source</Filter>
    </CudaCompile>
  </ItemGroup>
  <ItemGroup>
    <ClCompile Include="mainWindow.cpp">
      <Filter>UI</Filter>
    </ClCompile>
    <ClCompile Include="Workspace.cpp">
      <Filter>Source</Filter>
    </ClCompile>
    <ClCompile Include="ImageBox.cpp">
      <Filter>Source</Filter>
    </ClCompile>
  </ItemGroup>
</Project>